<Solution>
  <Folder Name="/Task0/">
    <Project Path="Tyuiu.ShurlyginDS.Sprint1.Task0.V14.Lib/Tyuiu.ShurlyginDS.Sprint1.Task0.V14.Lib.csproj" />
    <Project Path="Tyuiu.ShurlyginDS.Sprint1.Task0.V14.Test/Tyuiu.ShurlyginDS.Sprint1.Task0.V14.Test.csproj" />
    <Project Path="Tyuiu.ShurlyginDS.Sprint1.Task0.V14/Tyuiu.ShurlyginDS.Sprint1.Task0.V14.csproj" />
  </Folder>
  <Folder Name="/Task1/">
    <Project Path="Tyuiu.ShurlyginDS.Sprint1.Task1.V1.Lib/Tyuiu.ShurlyginDS.Sprint1.Task1.V1.Lib.csproj" Id="4addf51d-5a1c-4872-8b62-361df7a8b90a" />
    <Project Path="Tyuiu.ShurlyginDS.Sprint1.Task1.V1.Test/Tyuiu.ShurlyginDS.Sprint1.Task1.V1.Test.csproj" Id="271835e5-e2ed-4203-9164-a2284e67b95a" />
    <Project Path="Tyuiu.ShurlyginDS.Sprint1.Task1.V1/Tyuiu.ShurlyginDS.Sprint1.Task1.V1.csproj" Id="8dd13fcc-c86f-4487-ab57-a476ec0d18cc" />
  </Folder>
  <Folder Name="/Task2/">
    <Project Path="Tyuiu.ShurlyginDS.Sprint1.Task2.V2.Lib/Tyuiu.ShurlyginDS.Sprint1.Task2.V2.Lib.csproj" Id="82b94a40-a4d6-40c3-8627-3e835f0303fb" />
    <Project Path="Tyuiu.ShurlyginDS.Sprint1.Task2.V2.Test/Tyuiu.ShurlyginDS.Sprint1.Task2.V2.Test.csproj" Id="35088513-88fa-4838-b899-e8385e796f7d" />
    <Project Path="Tyuiu.ShurlyginDS.Sprint1.Task2.V2/Tyuiu.ShurlyginDS.Sprint1.Task2.V2.csproj" Id="e79bfe00-4e75-468b-b90e-68d039738a87" />
  </Folder>
  <Folder Name="/Task3/">
    <Project Path="Tyuiu.ShurlyginDS.Sprint1.Task3.V16.Lib/Tyuiu.ShurlyginDS.Sprint1.Task3.V16.Lib.csproj" Id="9dc52f16-2707-4005-82ad-b5eb19687ff2" />
    <Project Path="Tyuiu.ShurlyginDS.Sprint1.Task3.V16.Test/Tyuiu.ShurlyginDS.Sprint1.Task3.V16.Test.csproj" Id="5bd7a50b-f41a-41e8-b446-e659177f58a2" />
    <Project Path="Tyuiu.ShurlyginDS.Sprint1.Task3.V16/Tyuiu.ShurlyginDS.Sprint1.Task3.V16.csproj" Id="e770eb46-0088-4838-85ac-3999b5a93c6b" />
  </Folder>
</Solution>
